
Microsoft Visual Studio Solution File, Format Version 12.00
# Visual Studio 15
VisualStudioVersion = 15.0.28307.136
MinimumVisualStudioVersion = 10.0.40219.1
Project("{F2A71F9B-5D33-465A-A702-920D77279786}") = "Day2", "Day2\Day2.fsproj", "{4C097136-7CA6-4E74-A935-62A572BF7906}"
EndProject
Project("{6EC3EE1D-3C4E-46DD-8F32-0CC8E7565705}") = "Day1", "Day1\Day1.fsproj", "{411F80C8-82B3-4E67-8F0C-A61C2049A154}"
EndProject
Project("{F2A71F9B-5D33-465A-A702-920D77279786}") = "Util", "Util\Util.fsproj", "{22E4474A-89E3-440B-A202-726A6F4A1207}"
EndProject
Global
	GlobalSection(SolutionConfigurationPlatforms) = preSolution
		Debug|Any CPU = Debug|Any CPU
		Release|Any CPU = Release|Any CPU
	EndGlobalSection
	GlobalSection(ProjectConfigurationPlatforms) = postSolution
		{4C097136-7CA6-4E74-A935-62A572BF7906}.Debug|Any CPU.ActiveCfg = Debug|Any CPU
		{4C097136-7CA6-4E74-A935-62A572BF7906}.Debug|Any CPU.Build.0 = Debug|Any CPU
		{4C097136-7CA6-4E74-A935-62A572BF7906}.Release|Any CPU.ActiveCfg = Release|Any CPU
		{4C097136-7CA6-4E74-A935-62A572BF7906}.Release|Any CPU.Build.0 = Release|Any CPU
		{411F80C8-82B3-4E67-8F0C-A61C2049A154}.Debug|Any CPU.ActiveCfg = Debug|Any CPU
		{411F80C8-82B3-4E67-8F0C-A61C2049A154}.Debug|Any CPU.Build.0 = Debug|Any CPU
		{411F80C8-82B3-4E67-8F0C-A61C2049A154}.Release|Any CPU.ActiveCfg = Release|Any CPU
		{411F80C8-82B3-4E67-8F0C-A61C2049A154}.Release|Any CPU.Build.0 = Release|Any CPU
		{22E4474A-89E3-440B-A202-726A6F4A1207}.Debug|Any CPU.ActiveCfg = Debug|Any CPU
		{22E4474A-89E3-440B-A202-726A6F4A1207}.Debug|Any CPU.Build.0 = Debug|Any CPU
		{22E4474A-89E3-440B-A202-726A6F4A1207}.Release|Any CPU.ActiveCfg = Release|Any CPU
		{22E4474A-89E3-440B-A202-726A6F4A1207}.Release|Any CPU.Build.0 = Release|Any CPU
	EndGlobalSection
	GlobalSection(SolutionProperties) = preSolution
		HideSolutionNode = FALSE
	EndGlobalSection
	GlobalSection(ExtensibilityGlobals) = postSolution
		SolutionGuid = {B65F15C0-D456-4509-AED1-B93FBC36517A}
	EndGlobalSection
EndGlobal
